
Microsoft Visual Studio Solution File, Format Version 12.00
# Visual Studio Version 17
VisualStudioVersion = 17.8.34322.80
MinimumVisualStudioVersion = 10.0.40219.1
Project("{8BC9CEB8-8B4A-11D0-8D11-00A0C91BC942}") = "AOC", "AOC.vcxproj", "{0CCB73F8-D0E2-4400-B25F-A56203037EE4}"
EndProject
Project("{9A19103F-16F7-4668-BE54-9A1E7A4F7556}") = "Input_fetcher", "..\Input_fetcher\Input_fetcher.csproj", "{F343143D-7DA7-4381-A636-965677B4EB06}"
EndProject
Global
	GlobalSection(SolutionConfigurationPlatforms) = preSolution
		Debug|Any CPU = Debug|Any CPU
		Debug|x64 = Debug|x64
		Debug|x86 = Debug|x86
		Release|Any CPU = Release|Any CPU
		Release|x64 = Release|x64
		Release|x86 = Release|x86
	EndGlobalSection
	GlobalSection(ProjectConfigurationPlatforms) = postSolution
		{0CCB73F8-D0E2-4400-B25F-A56203037EE4}.Debug|Any CPU.ActiveCfg = Debug|x64
		{0CCB73F8-D0E2-4400-B25F-A56203037EE4}.Debug|Any CPU.Build.0 = Debug|x64
		{0CCB73F8-D0E2-4400-B25F-A56203037EE4}.Debug|x64.ActiveCfg = Debug|x64
		{0CCB73F8-D0E2-4400-B25F-A56203037EE4}.Debug|x64.Build.0 = Debug|x64
		{0CCB73F8-D0E2-4400-B25F-A56203037EE4}.Debug|x86.ActiveCfg = Debug|Win32
		{0CCB73F8-D0E2-4400-B25F-A56203037EE4}.Debug|x86.Build.0 = Debug|Win32
		{0CCB73F8-D0E2-4400-B25F-A56203037EE4}.Release|Any CPU.ActiveCfg = Release|x64
		{0CCB73F8-D0E2-4400-B25F-A56203037EE4}.Release|Any CPU.Build.0 = Release|x64
		{0CCB73F8-D0E2-4400-B25F-A56203037EE4}.Release|x64.ActiveCfg = Release|x64
		{0CCB73F8-D0E2-4400-B25F-A56203037EE4}.Release|x64.Build.0 = Release|x64
		{0CCB73F8-D0E2-4400-B25F-A56203037EE4}.Release|x86.ActiveCfg = Release|Win32
		{0CCB73F8-D0E2-4400-B25F-A56203037EE4}.Release|x86.Build.0 = Release|Win32
		{F343143D-7DA7-4381-A636-965677B4EB06}.Debug|Any CPU.ActiveCfg = Debug|Any CPU
		{F343143D-7DA7-4381-A636-965677B4EB06}.Debug|Any CPU.Build.0 = Debug|Any CPU
		{F343143D-7DA7-4381-A636-965677B4EB06}.Debug|x64.ActiveCfg = Debug|Any CPU
		{F343143D-7DA7-4381-A636-965677B4EB06}.Debug|x64.Build.0 = Debug|Any CPU
		{F343143D-7DA7-4381-A636-965677B4EB06}.Debug|x86.ActiveCfg = Debug|Any CPU
		{F343143D-7DA7-4381-A636-965677B4EB06}.Debug|x86.Build.0 = Debug|Any CPU
		{F343143D-7DA7-4381-A636-965677B4EB06}.Release|Any CPU.ActiveCfg = Release|Any CPU
		{F343143D-7DA7-4381-A636-965677B4EB06}.Release|Any CPU.Build.0 = Release|Any CPU
		{F343143D-7DA7-4381-A636-965677B4EB06}.Release|x64.ActiveCfg = Release|Any CPU
		{F343143D-7DA7-4381-A636-965677B4EB06}.Release|x64.Build.0 = Release|Any CPU
		{F343143D-7DA7-4381-A636-965677B4EB06}.Release|x86.ActiveCfg = Release|Any CPU
		{F343143D-7DA7-4381-A636-965677B4EB06}.Release|x86.Build.0 = Release|Any CPU
	EndGlobalSection
	GlobalSection(SolutionProperties) = preSolution
		HideSolutionNode = FALSE
	EndGlobalSection
	GlobalSection(ExtensibilityGlobals) = postSolution
		SolutionGuid = {9664BDD7-99ED-4C52-B499-C2D4E29087DC}
	EndGlobalSection
EndGlobal
